
Microsoft Visual Studio Solution File, Format Version 12.00
# Visual Studio Version 17
VisualStudioVersion = 17.3.32819.101
MinimumVisualStudioVersion = 10.0.40219.1
Project("{FAE04EC0-301F-11D3-BF4B-00C04F79EFBC}") = "CGS_Database", "CGS_Database\CGS_Database.csproj", "{A054894F-1AD9-49F0-A824-959D74CD9D05}"
EndProject
Global
	GlobalSection(SolutionConfigurationPlatforms) = preSolution
		Debug|Any CPU = Debug|Any CPU
		Release|Any CPU = Release|Any CPU
	EndGlobalSection
	GlobalSection(ProjectConfigurationPlatforms) = postSolution
		{A054894F-1AD9-49F0-A824-959D74CD9D05}.Debug|Any CPU.ActiveCfg = Debug|Any CPU
		{A054894F-1AD9-49F0-A824-959D74CD9D05}.Debug|Any CPU.Build.0 = Debug|Any CPU
		{A054894F-1AD9-49F0-A824-959D74CD9D05}.Release|Any CPU.ActiveCfg = Release|Any CPU
		{A054894F-1AD9-49F0-A824-959D74CD9D05}.Release|Any CPU.Build.0 = Release|Any CPU
	EndGlobalSection
	GlobalSection(SolutionProperties) = preSolution
		HideSolutionNode = FALSE
	EndGlobalSection
	GlobalSection(ExtensibilityGlobals) = postSolution
		SolutionGuid = {54202236-9926-40C9-AA82-9728DEFDE717}
	EndGlobalSection
EndGlobal
